
Microsoft Visual Studio Solution File, Format Version 12.00
# Visual Studio Version 16
VisualStudioVersion = 16.0.32126.315
MinimumVisualStudioVersion = 10.0.40219.1
Project("{FAE04EC0-301F-11D3-BF4B-00C04F79EFBC}") = "WebApplication5", "WebApplication5.csproj", "{0708126D-10B1-4C47-B8B3-F09C59F502EF}"
EndProject
Global
	GlobalSection(SolutionConfigurationPlatforms) = preSolution
		Debug|Any CPU = Debug|Any CPU
		Release|Any CPU = Release|Any CPU
	EndGlobalSection
	GlobalSection(ProjectConfigurationPlatforms) = postSolution
		{0708126D-10B1-4C47-B8B3-F09C59F502EF}.Debug|Any CPU.ActiveCfg = Debug|Any CPU
		{0708126D-10B1-4C47-B8B3-F09C59F502EF}.Debug|Any CPU.Build.0 = Debug|Any CPU
		{0708126D-10B1-4C47-B8B3-F09C59F502EF}.Release|Any CPU.ActiveCfg = Release|Any CPU
		{0708126D-10B1-4C47-B8B3-F09C59F502EF}.Release|Any CPU.Build.0 = Release|Any CPU
	EndGlobalSection
	GlobalSection(SolutionProperties) = preSolution
		HideSolutionNode = FALSE
	EndGlobalSection
	GlobalSection(ExtensibilityGlobals) = postSolution
		SolutionGuid = {0E394BA0-E65A-466A-AA26-8956D82DA587}
	EndGlobalSection
EndGlobal
